
Microsoft Visual Studio Solution File, Format Version 12.00
# Visual Studio 15
VisualStudioVersion = 15.0.28010.2026
MinimumVisualStudioVersion = 10.0.40219.1
Project("{FAE04EC0-301F-11D3-BF4B-00C04F79EFBC}") = "RegExInterpreter", "RegExInterpreter\RegExInterpreter.csproj", "{61BD202A-032F-4946-B7B6-6621C4C455BB}"
EndProject
Global
	GlobalSection(SolutionConfigurationPlatforms) = preSolution
		Debug|Any CPU = Debug|Any CPU
		Release|Any CPU = Release|Any CPU
	EndGlobalSection
	GlobalSection(ProjectConfigurationPlatforms) = postSolution
		{61BD202A-032F-4946-B7B6-6621C4C455BB}.Debug|Any CPU.ActiveCfg = Debug|Any CPU
		{61BD202A-032F-4946-B7B6-6621C4C455BB}.Debug|Any CPU.Build.0 = Debug|Any CPU
		{61BD202A-032F-4946-B7B6-6621C4C455BB}.Release|Any CPU.ActiveCfg = Release|Any CPU
		{61BD202A-032F-4946-B7B6-6621C4C455BB}.Release|Any CPU.Build.0 = Release|Any CPU
	EndGlobalSection
	GlobalSection(SolutionProperties) = preSolution
		HideSolutionNode = FALSE
	EndGlobalSection
	GlobalSection(ExtensibilityGlobals) = postSolution
		SolutionGuid = {AB46AC15-DE90-4C5C-B491-F0C4163644B7}
	EndGlobalSection
EndGlobal
